// !$*UTF8*$!
{
	archiveVersion = 1;
	classes = {
	};
	objectVersion = 56;
	objects = {

/* Begin PBXBuildFile section */
		680E700D2B24010E0058F078 /* formakersonlyApp.swift in Sources */ = {isa = PBXBuildFile; fileRef = 680E700C2B24010E0058F078 /* formakersonlyApp.swift */; };
		680E700F2B24010E0058F078 /* ContentView.swift in Sources */ = {isa = PBXBuildFile; fileRef = 680E700E2B24010E0058F078 /* ContentView.swift */; };
		680E70112B24010F0058F078 /* Assets.xcassets in Resources */ = {isa = PBXBuildFile; fileRef = 680E70102B24010F0058F078 /* Assets.xcassets */; };
		680E70142B24010F0058F078 /* Preview Assets.xcassets in Resources */ = {isa = PBXBuildFile; fileRef = 680E70132B24010F0058F078 /* Preview Assets.xcassets */; };
		680E701E2B2401100058F078 /* formakersonlyTests.swift in Sources */ = {isa = PBXBuildFile; fileRef = 680E701D2B2401100058F078 /* formakersonlyTests.swift */; };
		680E70282B2401100058F078 /* formakersonlyUITests.swift in Sources */ = {isa = PBXBuildFile; fileRef = 680E70272B2401100058F078 /* formakersonlyUITests.swift */; };
		680E702A2B2401100058F078 /* formakersonlyUITestsLaunchTests.swift in Sources */ = {isa = PBXBuildFile; fileRef = 680E70292B2401100058F078 /* formakersonlyUITestsLaunchTests.swift */; };
/* End PBXBuildFile section */

/* Begin PBXContainerItemProxy section */
		680E701A2B2401100058F078 /* PBXContainerItemProxy */ = {
			isa = PBXContainerItemProxy;
			containerPortal = 680E70012B24010E0058F078 /* Project object */;
			proxyType = 1;
			remoteGlobalIDString = 680E70082B24010E0058F078;
			remoteInfo = formakersonly;
		};
		680E70242B2401100058F078 /* PBXContainerItemProxy */ = {
			isa = PBXContainerItemProxy;
			containerPortal = 680E70012B24010E0058F078 /* Project object */;
			proxyType = 1;
			remoteGlobalIDString = 680E70082B24010E0058F078;
			remoteInfo = formakersonly;
		};
/* End PBXContainerItemProxy section */

/* Begin PBXFileReference section */
		680E70092B24010E0058F078 /* formakersonly.app */ = {isa = PBXFileReference; explicitFileType = wrapper.application; includeInIndex = 0; path = formakersonly.app; sourceTree = BUILT_PRODUCTS_DIR; };
		680E700C2B24010E0058F078 /* formakersonlyApp.swift */ = {isa = PBXFileReference; lastKnownFileType = sourcecode.swift; path = formakersonlyApp.swift; sourceTree = "<group>"; };
		680E700E2B24010E0058F078 /* ContentView.swift */ = {isa = PBXFileReference; lastKnownFileType = sourcecode.swift; path = ContentView.swift; sourceTree = "<group>"; usesTabs = 0; };
		680E70102B24010F0058F078 /* Assets.xcassets */ = {isa = PBXFileReference; lastKnownFileType = folder.assetcatalog; path = Assets.xcassets; sourceTree = "<group>"; };
		680E70132B24010F0058F078 /* Preview Assets.xcassets */ = {isa = PBXFileReference; lastKnownFileType = folder.assetcatalog; path = "Preview Assets.xcassets"; sourceTree = "<group>"; };
		680E70192B2401100058F078 /* formakersonlyTests.xctest */ = {isa = PBXFileReference; explicitFileType = wrapper.cfbundle; includeInIndex = 0; path = formakersonlyTests.xctest; sourceTree = BUILT_PRODUCTS_DIR; };
		680E701D2B2401100058F078 /* formakersonlyTests.swift */ = {isa = PBXFileReference; lastKnownFileType = sourcecode.swift; path = formakersonlyTests.swift; sourceTree = "<group>"; };
		680E70232B2401100058F078 /* formakersonlyUITests.xctest */ = {isa = PBXFileReference; explicitFileType = wrapper.cfbundle; includeInIndex = 0; path = formakersonlyUITests.xctest; sourceTree = BUILT_PRODUCTS_DIR; };
		680E70272B2401100058F078 /* formakersonlyUITests.swift */ = {isa = PBXFileReference; lastKnownFileType = sourcecode.swift; path = formakersonlyUITests.swift; sourceTree = "<group>"; };
		680E70292B2401100058F078 /* formakersonlyUITestsLaunchTests.swift */ = {isa = PBXFileReference; lastKnownFileType = sourcecode.swift; path = formakersonlyUITestsLaunchTests.swift; sourceTree = "<group>"; };
/* End PBXFileReference section */

/* Begin PBXFrameworksBuildPhase section */
		680E70062B24010E0058F078 /* Frameworks */ = {
			isa = PBXFrameworksBuildPhase;
			buildActionMask = 2147483647;
			files = (
			);
			runOnlyForDeploymentPostprocessing = 0;
		};
		680E70162B2401100058F078 /* Frameworks */ = {
			isa = PBXFrameworksBuildPhase;
			buildActionMask = 2147483647;
			files = (
			);
			runOnlyForDeploymentPostprocessing = 0;
		};
		680E70202B2401100058F078 /* Frameworks */ = {
			isa = PBXFrameworksBuildPhase;
			buildActionMask = 2147483647;
			files = (
			);
			runOnlyForDeploymentPostprocessing = 0;
		};
/* End PBXFrameworksBuildPhase section */

/* Begin PBXGroup section */
		680E70002B24010E0058F078 = {
			isa = PBXGroup;
			children = (
				680E700B2B24010E0058F078 /* formakersonly */,
				680E701C2B2401100058F078 /* formakersonlyTests */,
				680E70262B2401100058F078 /* formakersonlyUITests */,
				680E700A2B24010E0058F078 /* Products */,
			);
			sourceTree = "<group>";
		};
		680E700A2B24010E0058F078 /* Products */ = {
			isa = PBXGroup;
			children = (
				680E70092B24010E0058F078 /* formakersonly.app */,
				680E70192B2401100058F078 /* formakersonlyTests.xctest */,
				680E70232B2401100058F078 /* formakersonlyUITests.xctest */,
			);
			name = Products;
			sourceTree = "<group>";
		};
		680E700B2B24010E0058F078 /* formakersonly */ = {
			isa = PBXGroup;
			children = (
				680E700C2B24010E0058F078 /* formakersonlyApp.swift */,
				680E700E2B24010E0058F078 /* ContentView.swift */,
				680E70102B24010F0058F078 /* Assets.xcassets */,
				680E70122B24010F0058F078 /* Preview Content */,
			);
			path = formakersonly;
			sourceTree = "<group>";
		};
		680E70122B24010F0058F078 /* Preview Content */ = {
			isa = PBXGroup;
			children = (
				680E70132B24010F0058F078 /* Preview Assets.xcassets */,
			);
			path = "Preview Content";
			sourceTree = "<group>";
		};
		680E701C2B2401100058F078 /* formakersonlyTests */ = {
			isa = PBXGroup;
			children = (
				680E701D2B2401100058F078 /* formakersonlyTests.swift */,
			);
			path = formakersonlyTests;
			sourceTree = "<group>";
		};
		680E70262B2401100058F078 /* formakersonlyUITests */ = {
			isa = PBXGroup;
			children = (
				680E70272B2401100058F078 /* formakersonlyUITests.swift */,
				680E70292B2401100058F078 /* formakersonlyUITestsLaunchTests.swift */,
			);
			path = formakersonlyUITests;
			sourceTree = "<group>";
		};
/* End PBXGroup section */

/* Begin PBXNativeTarget section */
		680E70082B24010E0058F078 /* formakersonly */ = {
			isa = PBXNativeTarget;
			buildConfigurationList = 680E702D2B2401100058F078 /* Build configuration list for PBXNativeTarget "formakersonly" */;
			buildPhases = (
				680E70052B24010E0058F078 /* Sources */,
				680E70062B24010E0058F078 /* Frameworks */,
				680E70072B24010E0058F078 /* Resources */,
			);
			buildRules = (
			);
			dependencies = (
			);
			name = formakersonly;
			productName = formakersonly;
			productReference = 680E70092B24010E0058F078 /* formakersonly.app */;
			productType = "com.apple.product-type.application";
		};
		680E70182B2401100058F078 /* formakersonlyTests */ = {
			isa = PBXNativeTarget;
			buildConfigurationList = 680E70302B2401100058F078 /* Build configuration list for PBXNativeTarget "formakersonlyTests" */;
			buildPhases = (
				680E70152B2401100058F078 /* Sources */,
				680E70162B2401100058F078 /* Frameworks */,
				680E70172B2401100058F078 /* Resources */,
			);
			buildRules = (
			);
			dependencies = (
				680E701B2B2401100058F078 /* PBXTargetDependency */,
			);
			name = formakersonlyTests;
			productName = formakersonlyTests;
			productReference = 680E70192B2401100058F078 /* formakersonlyTests.xctest */;
			productType = "com.apple.product-type.bundle.unit-test";
		};
		680E70222B2401100058F078 /* formakersonlyUITests */ = {
			isa = PBXNativeTarget;
			buildConfigurationList = 680E70332B2401100058F078 /* Build configuration list for PBXNativeTarget "formakersonlyUITests" */;
			buildPhases = (
				680E701F2B2401100058F078 /* Sources */,
				680E70202B2401100058F078 /* Frameworks */,
				680E70212B2401100058F078 /* Resources */,
			);
			buildRules = (
			);
			dependencies = (
				680E70252B2401100058F078 /* PBXTargetDependency */,
			);
			name = formakersonlyUITests;
			productName = formakersonlyUITests;
			productReference = 680E70232B2401100058F078 /* formakersonlyUITests.xctest */;
			productType = "com.apple.product-type.bundle.ui-testing";
		};
/* End PBXNativeTarget section */

/* Begin PBXProject section */
		680E70012B24010E0058F078 /* Project object */ = {
			isa = PBXProject;
			attributes = {
				BuildIndependentTargetsInParallel = 1;
				LastSwiftUpdateCheck = 1500;
				LastUpgradeCheck = 1500;
				TargetAttributes = {
					680E70082B24010E0058F078 = {
						CreatedOnToolsVersion = 15.0.1;
					};
					680E70182B2401100058F078 = {
						CreatedOnToolsVersion = 15.0.1;
						TestTargetID = 680E70082B24010E0058F078;
					};
					680E70222B2401100058F078 = {
						CreatedOnToolsVersion = 15.0.1;
						TestTargetID = 680E70082B24010E0058F078;
					};
				};
			};
			buildConfigurationList = 680E70042B24010E0058F078 /* Build configuration list for PBXProject "formakersonly" */;
			compatibilityVersion = "Xcode 14.0";
			developmentRegion = en;
			hasScannedForEncodings = 0;
			knownRegions = (
				en,
				Base,
			);
			mainGroup = 680E70002B24010E0058F078;
			productRefGroup = 680E700A2B24010E0058F078 /* Products */;
			projectDirPath = "";
			projectRoot = "";
			targets = (
				680E70082B24010E0058F078 /* formakersonly */,
				680E70182B2401100058F078 /* formakersonlyTests */,
				680E70222B2401100058F078 /* formakersonlyUITests */,
			);
		};
/* End PBXProject section */

/* Begin PBXResourcesBuildPhase section */
		680E70072B24010E0058F078 /* Resources */ = {
			isa = PBXResourcesBuildPhase;
			buildActionMask = 2147483647;
			files = (
				680E70142B24010F0058F078 /* Preview Assets.xcassets in Resources */,
				680E70112B24010F0058F078 /* Assets.xcassets in Resources */,
			);
			runOnlyForDeploymentPostprocessing = 0;
		};
		680E70172B2401100058F078 /* Resources */ = {
			isa = PBXResourcesBuildPhase;
			buildActionMask = 2147483647;
			files = (
			);
			runOnlyForDeploymentPostprocessing = 0;
		};
		680E70212B2401100058F078 /* Resources */ = {
			isa = PBXResourcesBuildPhase;
			buildActionMask = 2147483647;
			files = (
			);
			runOnlyForDeploymentPostprocessing = 0;
		};
/* End PBXResourcesBuildPhase section */

/* Begin PBXSourcesBuildPhase section */
		680E70052B24010E0058F078 /* Sources */ = {
			isa = PBXSourcesBuildPhase;
			buildActionMask = 2147483647;
			files = (
				680E700F2B24010E0058F078 /* ContentView.swift in Sources */,
				680E700D2B24010E0058F078 /* formakersonlyApp.swift in Sources */,
			);
			runOnlyForDeploymentPostprocessing = 0;
		};
		680E70152B2401100058F078 /* Sources */ = {
			isa = PBXSourcesBuildPhase;
			buildActionMask = 2147483647;
			files = (
				680E701E2B2401100058F078 /* formakersonlyTests.swift in Sources */,
			);
			runOnlyForDeploymentPostprocessing = 0;
		};
		680E701F2B2401100058F078 /* Sources */ = {
			isa = PBXSourcesBuildPhase;
			buildActionMask = 2147483647;
			files = (
				680E70282B2401100058F078 /* formakersonlyUITests.swift in Sources */,
				680E702A2B2401100058F078 /* formakersonlyUITestsLaunchTests.swift in Sources */,
			);
			runOnlyForDeploymentPostprocessing = 0;
		};
/* End PBXSourcesBuildPhase section */

/* Begin PBXTargetDependency section */
		680E701B2B2401100058F078 /* PBXTargetDependency */ = {
			isa = PBXTargetDependency;
			target = 680E70082B24010E0058F078 /* formakersonly */;
			targetProxy = 680E701A2B2401100058F078 /* PBXContainerItemProxy */;
		};
		680E70252B2401100058F078 /* PBXTargetDependency */ = {
			isa = PBXTargetDependency;
			target = 680E70082B24010E0058F078 /* formakersonly */;
			targetProxy = 680E70242B2401100058F078 /* PBXContainerItemProxy */;
		};
/* End PBXTargetDependency section */

/* Begin XCBuildConfiguration section */
		680E702B2B2401100058F078 /* Debug */ = {
			isa = XCBuildConfiguration;
			buildSettings = {
				ALWAYS_SEARCH_USER_PATHS = NO;
				ASSETCATALOG_COMPILER_GENERATE_SWIFT_ASSET_SYMBOL_EXTENSIONS = YES;
				CLANG_ANALYZER_NONNULL = YES;
				CLANG_ANALYZER_NUMBER_OBJECT_CONVERSION = YES_AGGRESSIVE;
				CLANG_CXX_LANGUAGE_STANDARD = "gnu++20";
				CLANG_ENABLE_MODULES = YES;
				CLANG_ENABLE_OBJC_ARC = YES;
				CLANG_ENABLE_OBJC_WEAK = YES;
				CLANG_WARN_BLOCK_CAPTURE_AUTORELEASING = YES;
				CLANG_WARN_BOOL_CONVERSION = YES;
				CLANG_WARN_COMMA = YES;
				CLANG_WARN_CONSTANT_CONVERSION = YES;
				CLANG_WARN_DEPRECATED_OBJC_IMPLEMENTATIONS = YES;
				CLANG_WARN_DIRECT_OBJC_ISA_USAGE = YES_ERROR;
				CLANG_WARN_DOCUMENTATION_COMMENTS = YES;
				CLANG_WARN_EMPTY_BODY = YES;
				CLANG_WARN_ENUM_CONVERSION = YES;
				CLANG_WARN_INFINITE_RECURSION = YES;
				CLANG_WARN_INT_CONVERSION = YES;
				CLANG_WARN_NON_LITERAL_NULL_CONVERSION = YES;
				CLANG_WARN_OBJC_IMPLICIT_RETAIN_SELF = YES;
				CLANG_WARN_OBJC_LITERAL_CONVERSION = YES;
				CLANG_WARN_OBJC_ROOT_CLASS = YES_ERROR;
				CLANG_WARN_QUOTED_INCLUDE_IN_FRAMEWORK_HEADER = YES;
				CLANG_WARN_RANGE_LOOP_ANALYSIS = YES;
				CLANG_WARN_STRICT_PROTOTYPES = YES;
				CLANG_WARN_SUSPICIOUS_MOVE = YES;
				CLANG_WARN_UNGUARDED_AVAILABILITY = YES_AGGRESSIVE;
				CLANG_WARN_UNREACHABLE_CODE = YES;
				CLANG_WARN__DUPLICATE_METHOD_MATCH = YES;
				COPY_PHASE_STRIP = NO;
				DEBUG_INFORMATION_FORMAT = dwarf;
				ENABLE_STRICT_OBJC_MSGSEND = YES;
				ENABLE_TESTABILITY = YES;
				ENABLE_USER_SCRIPT_SANDBOXING = YES;
				GCC_C_LANGUAGE_STANDARD = gnu17;
				GCC_DYNAMIC_NO_PIC = NO;
				GCC_NO_COMMON_BLOCKS = YES;
				GCC_OPTIMIZATION_LEVEL = 0;
				GCC_PREPROCESSOR_DEFINITIONS = (
					"DEBUG=1",
					"$(inherited)",
				);
				GCC_WARN_64_TO_32_BIT_CONVERSION = YES;
				GCC_WARN_ABOUT_RETURN_TYPE = YES_ERROR;
				GCC_WARN_UNDECLARED_SELECTOR = YES;
				GCC_WARN_UNINITIALIZED_AUTOS = YES_AGGRESSIVE;
				GCC_WARN_UNUSED_FUNCTION = YES;
				GCC_WARN_UNUSED_VARIABLE = YES;
				IPHONEOS_DEPLOYMENT_TARGET = 17.0;
				LOCALIZATION_PREFERS_STRING_CATALOGS = YES;
				MTL_ENABLE_DEBUG_INFO = INCLUDE_SOURCE;
				MTL_FAST_MATH = YES;
				ONLY_ACTIVE_ARCH = YES;
				SDKROOT = iphoneos;
				SWIFT_ACTIVE_COMPILATION_CONDITIONS = "DEBUG $(inherited)";
				SWIFT_OPTIMIZATION_LEVEL = "-Onone";
			};
			name = Debug;
		};
		680E702C2B2401100058F078 /* Release */ = {
			isa = XCBuildConfiguration;
			buildSettings = {
				ALWAYS_SEARCH_USER_PATHS = NO;
				ASSETCATALOG_COMPILER_GENERATE_SWIFT_ASSET_SYMBOL_EXTENSIONS = YES;
				CLANG_ANALYZER_NONNULL = YES;
				CLANG_ANALYZER_NUMBER_OBJECT_CONVERSION = YES_AGGRESSIVE;
				CLANG_CXX_LANGUAGE_STANDARD = "gnu++20";
				CLANG_ENABLE_MODULES = YES;
				CLANG_ENABLE_OBJC_ARC = YES;
				CLANG_ENABLE_OBJC_WEAK = YES;
				CLANG_WARN_BLOCK_CAPTURE_AUTORELEASING = YES;
				CLANG_WARN_BOOL_CONVERSION = YES;
				CLANG_WARN_COMMA = YES;
				CLANG_WARN_CONSTANT_CONVERSION = YES;
				CLANG_WARN_DEPRECATED_OBJC_IMPLEMENTATIONS = YES;
				CLANG_WARN_DIRECT_OBJC_ISA_USAGE = YES_ERROR;
				CLANG_WARN_DOCUMENTATION_COMMENTS = YES;
				CLANG_WARN_EMPTY_BODY = YES;
				CLANG_WARN_ENUM_CONVERSION = YES;
				CLANG_WARN_INFINITE_RECURSION = YES;
				CLANG_WARN_INT_CONVERSION = YES;
				CLANG_WARN_NON_LITERAL_NULL_CONVERSION = YES;
				CLANG_WARN_OBJC_IMPLICIT_RETAIN_SELF = YES;
				CLANG_WARN_OBJC_LITERAL_CONVERSION = YES;
				CLANG_WARN_OBJC_ROOT_CLASS = YES_ERROR;
				CLANG_WARN_QUOTED_INCLUDE_IN_FRAMEWORK_HEADER = YES;
				CLANG_WARN_RANGE_LOOP_ANALYSIS = YES;
				CLANG_WARN_STRICT_PROTOTYPES = YES;
				CLANG_WARN_SUSPICIOUS_MOVE = YES;
				CLANG_WARN_UNGUARDED_AVAILABILITY = YES_AGGRESSIVE;
				CLANG_WARN_UNREACHABLE_CODE = YES;
				CLANG_WARN__DUPLICATE_METHOD_MATCH = YES;
				COPY_PHASE_STRIP = NO;
				DEBUG_INFORMATION_FORMAT = "dwarf-with-dsym";
				ENABLE_NS_ASSERTIONS = NO;
				ENABLE_STRICT_OBJC_MSGSEND = YES;
				ENABLE_USER_SCRIPT_SANDBOXING = YES;
				GCC_C_LANGUAGE_STANDARD = gnu17;
				GCC_NO_COMMON_BLOCKS = YES;
				GCC_WARN_64_TO_32_BIT_CONVERSION = YES;
				GCC_WARN_ABOUT_RETURN_TYPE = YES_ERROR;
				GCC_WARN_UNDECLARED_SELECTOR = YES;
				GCC_WARN_UNINITIALIZED_AUTOS = YES_AGGRESSIVE;
				GCC_WARN_UNUSED_FUNCTION = YES;
				GCC_WARN_UNUSED_VARIABLE = YES;
				IPHONEOS_DEPLOYMENT_TARGET = 17.0;
				LOCALIZATION_PREFERS_STRING_CATALOGS = YES;
				MTL_ENABLE_DEBUG_INFO = NO;
				MTL_FAST_MATH = YES;
				SDKROOT = iphoneos;
				SWIFT_COMPILATION_MODE = wholemodule;
				VALIDATE_PRODUCT = YES;
			};
			name = Release;
		};
		680E702E2B2401100058F078 /* Debug */ = {
			isa = XCBuildConfiguration;
			buildSettings = {
				ASSETCATALOG_COMPILER_APPICON_NAME = AppIcon;
				ASSETCATALOG_COMPILER_GLOBAL_ACCENT_COLOR_NAME = AccentColor;
				CODE_SIGN_STYLE = Automatic;
				CURRENT_PROJECT_VERSION = 1;
				DEVELOPMENT_ASSET_PATHS = "\"formakersonly/Preview Content\"";
				ENABLE_PREVIEWS = YES;
				GENERATE_INFOPLIST_FILE = YES;
				INFOPLIST_KEY_UIApplicationSceneManifest_Generation = YES;
				INFOPLIST_KEY_UIApplicationSupportsIndirectInputEvents = YES;
				INFOPLIST_KEY_UILaunchScreen_Generation = YES;
				INFOPLIST_KEY_UISupportedInterfaceOrientations_iPad = "UIInterfaceOrientationPortrait UIInterfaceOrientationPortraitUpsideDown UIInterfaceOrientationLandscapeLeft UIInterfaceOrientationLandscapeRight";
				INFOPLIST_KEY_UISupportedInterfaceOrientations_iPhone = "UIInterfaceOrientationPortrait UIInterfaceOrientationLandscapeLeft UIInterfaceOrientationLandscapeRight";
				LD_RUNPATH_SEARCH_PATHS = (
					"$(inherited)",
					"@executable_path/Frameworks",
				);
				MARKETING_VERSION = 1.0;
				PRODUCT_BUNDLE_IDENTIFIER = cic.formakersonly;
				PRODUCT_NAME = "$(TARGET_NAME)";
				SWIFT_EMIT_LOC_STRINGS = YES;
				SWIFT_VERSION = 5.0;
				TARGETED_DEVICE_FAMILY = "1,2";
			};
			name = Debug;
		};
		680E702F2B2401100058F078 /* Release */ = {
			isa = XCBuildConfiguration;
			buildSettings = {
				ASSETCATALOG_COMPILER_APPICON_NAME = AppIcon;
				ASSETCATALOG_COMPILER_GLOBAL_ACCENT_COLOR_NAME = AccentColor;
				CODE_SIGN_STYLE = Automatic;
				CURRENT_PROJECT_VERSION = 1;
				DEVELOPMENT_ASSET_PATHS = "\"formakersonly/Preview Content\"";
				ENABLE_PREVIEWS = YES;
				GENERATE_INFOPLIST_FILE = YES;
				INFOPLIST_KEY_UIApplicationSceneManifest_Generation = YES;
				INFOPLIST_KEY_UIApplicationSupportsIndirectInputEvents = YES;
				INFOPLIST_KEY_UILaunchScreen_Generation = YES;
				INFOPLIST_KEY_UISupportedInterfaceOrientations_iPad = "UIInterfaceOrientationPortrait UIInterfaceOrientationPortraitUpsideDown UIInterfaceOrientationLandscapeLeft UIInterfaceOrientationLandscapeRight";
				INFOPLIST_KEY_UISupportedInterfaceOrientations_iPhone = "UIInterfaceOrientationPortrait UIInterfaceOrientationLandscapeLeft UIInterfaceOrientationLandscapeRight";
				LD_RUNPATH_SEARCH_PATHS = (
					"$(inherited)",
					"@executable_path/Frameworks",
				);
				MARKETING_VERSION = 1.0;
				PRODUCT_BUNDLE_IDENTIFIER = cic.formakersonly;
				PRODUCT_NAME = "$(TARGET_NAME)";
				SWIFT_EMIT_LOC_STRINGS = YES;
				SWIFT_VERSION = 5.0;
				TARGETED_DEVICE_FAMILY = "1,2";
			};
			name = Release;
		};
		680E70312B2401100058F078 /* Debug */ = {
			isa = XCBuildConfiguration;
			buildSettings = {
				ALWAYS_EMBED_SWIFT_STANDARD_LIBRARIES = YES;
				BUNDLE_LOADER = "$(TEST_HOST)";
				CODE_SIGN_STYLE = Automatic;
				CURRENT_PROJECT_VERSION = 1;
				GENERATE_INFOPLIST_FILE = YES;
				IPHONEOS_DEPLOYMENT_TARGET = 17.0;
				MARKETING_VERSION = 1.0;
				PRODUCT_BUNDLE_IDENTIFIER = cic.formakersonlyTests;
				PRODUCT_NAME = "$(TARGET_NAME)";
				SWIFT_EMIT_LOC_STRINGS = NO;
				SWIFT_VERSION = 5.0;
				TARGETED_DEVICE_FAMILY = "1,2";
				TEST_HOST = "$(BUILT_PRODUCTS_DIR)/formakersonly.app/$(BUNDLE_EXECUTABLE_FOLDER_PATH)/formakersonly";
			};
			name = Debug;
		};
		680E70322B2401100058F078 /* Release */ = {
			isa = XCBuildConfiguration;
			buildSettings = {
				ALWAYS_EMBED_SWIFT_STANDARD_LIBRARIES = YES;
				BUNDLE_LOADER = "$(TEST_HOST)";
				CODE_SIGN_STYLE = Automatic;
				CURRENT_PROJECT_VERSION = 1;
				GENERATE_INFOPLIST_FILE = YES;
				IPHONEOS_DEPLOYMENT_TARGET = 17.0;
				MARKETING_VERSION = 1.0;
				PRODUCT_BUNDLE_IDENTIFIER = cic.formakersonlyTests;
				PRODUCT_NAME = "$(TARGET_NAME)";
				SWIFT_EMIT_LOC_STRINGS = NO;
				SWIFT_VERSION = 5.0;
				TARGETED_DEVICE_FAMILY = "1,2";
				TEST_HOST = "$(BUILT_PRODUCTS_DIR)/formakersonly.app/$(BUNDLE_EXECUTABLE_FOLDER_PATH)/formakersonly";
			};
			name = Release;
		};
		680E70342B2401100058F078 /* Debug */ = {
			isa = XCBuildConfiguration;
			buildSettings = {
				ALWAYS_EMBED_SWIFT_STANDARD_LIBRARIES = YES;
				CODE_SIGN_STYLE = Automatic;
				CURRENT_PROJECT_VERSION = 1;
				GENERATE_INFOPLIST_FILE = YES;
				MARKETING_VERSION = 1.0;
				PRODUCT_BUNDLE_IDENTIFIER = cic.formakersonlyUITests;
				PRODUCT_NAME = "$(TARGET_NAME)";
				SWIFT_EMIT_LOC_STRINGS = NO;
				SWIFT_VERSION = 5.0;
				TARGETED_DEVICE_FAMILY = "1,2";
				TEST_TARGET_NAME = formakersonly;
			};
			name = Debug;
		};
		680E70352B2401100058F078 /* Release */ = {
			isa = XCBuildConfiguration;
			buildSettings = {
				ALWAYS_EMBED_SWIFT_STANDARD_LIBRARIES = YES;
				CODE_SIGN_STYLE = Automatic;
				CURRENT_PROJECT_VERSION = 1;
				GENERATE_INFOPLIST_FILE = YES;
				MARKETING_VERSION = 1.0;
				PRODUCT_BUNDLE_IDENTIFIER = cic.formakersonlyUITests;
				PRODUCT_NAME = "$(TARGET_NAME)";
				SWIFT_EMIT_LOC_STRINGS = NO;
				SWIFT_VERSION = 5.0;
				TARGETED_DEVICE_FAMILY = "1,2";
				TEST_TARGET_NAME = formakersonly;
			};
			name = Release;
		};
/* End XCBuildConfiguration section */

/* Begin XCConfigurationList section */
		680E70042B24010E0058F078 /* Build configuration list for PBXProject "formakersonly" */ = {
			isa = XCConfigurationList;
			buildConfigurations = (
				680E702B2B2401100058F078 /* Debug */,
				680E702C2B2401100058F078 /* Release */,
			);
			defaultConfigurationIsVisible = 0;
			defaultConfigurationName = Release;
		};
		680E702D2B2401100058F078 /* Build configuration list for PBXNativeTarget "formakersonly" */ = {
			isa = XCConfigurationList;
			buildConfigurations = (
				680E702E2B2401100058F078 /* Debug */,
				680E702F2B2401100058F078 /* Release */,
			);
			defaultConfigurationIsVisible = 0;
			defaultConfigurationName = Release;
		};
		680E70302B2401100058F078 /* Build configuration list for PBXNativeTarget "formakersonlyTests" */ = {
			isa = XCConfigurationList;
			buildConfigurations = (
				680E70312B2401100058F078 /* Debug */,
				680E70322B2401100058F078 /* Release */,
			);
			defaultConfigurationIsVisible = 0;
			defaultConfigurationName = Release;
		};
		680E70332B2401100058F078 /* Build configuration list for PBXNativeTarget "formakersonlyUITests" */ = {
			isa = XCConfigurationList;
			buildConfigurations = (
				680E70342B2401100058F078 /* Debug */,
				680E70352B2401100058F078 /* Release */,
			);
			defaultConfigurationIsVisible = 0;
			defaultConfigurationName = Release;
		};
/* End XCConfigurationList section */
	};
	rootObject = 680E70012B24010E0058F078 /* Project object */;
}
